
Microsoft Visual Studio Solution File, Format Version 12.00
# Visual Studio Version 16
VisualStudioVersion = 16.0.31313.79
MinimumVisualStudioVersion = 10.0.40219.1
Project("{FAE04EC0-301F-11D3-BF4B-00C04F79EFBC}") = "ConsoleApp1", "ConsoleApp1\ConsoleApp1.csproj", "{64E37915-6079-4008-8BFA-23D98076BB52}"
EndProject
Global
	GlobalSection(SolutionConfigurationPlatforms) = preSolution
		Debug|Any CPU = Debug|Any CPU
		Release|Any CPU = Release|Any CPU
	EndGlobalSection
	GlobalSection(ProjectConfigurationPlatforms) = postSolution
		{64E37915-6079-4008-8BFA-23D98076BB52}.Debug|Any CPU.ActiveCfg = Debug|Any CPU
		{64E37915-6079-4008-8BFA-23D98076BB52}.Debug|Any CPU.Build.0 = Debug|Any CPU
		{64E37915-6079-4008-8BFA-23D98076BB52}.Release|Any CPU.ActiveCfg = Release|Any CPU
		{64E37915-6079-4008-8BFA-23D98076BB52}.Release|Any CPU.Build.0 = Release|Any CPU
	EndGlobalSection
	GlobalSection(SolutionProperties) = preSolution
		HideSolutionNode = FALSE
	EndGlobalSection
	GlobalSection(ExtensibilityGlobals) = postSolution
		SolutionGuid = {7FB4ABD2-DC2E-42C4-94AF-E0F2719ECE5A}
	EndGlobalSection
EndGlobal
